
Microsoft Visual Studio Solution File, Format Version 12.00
# Visual Studio 2012
Project("{FAE04EC0-301F-11D3-BF4B-00C04F79EFBC}") = "canvasDemo", "canvasDemo\canvasDemo.csproj", "{97CFA2B9-5ECF-4826-8210-8E8A1AF85EDF}"
EndProject
Global
	GlobalSection(SolutionConfigurationPlatforms) = preSolution
		Debug|Any CPU = Debug|Any CPU
		Release|Any CPU = Release|Any CPU
	EndGlobalSection
	GlobalSection(ProjectConfigurationPlatforms) = postSolution
		{97CFA2B9-5ECF-4826-8210-8E8A1AF85EDF}.Debug|Any CPU.ActiveCfg = Debug|Any CPU
		{97CFA2B9-5ECF-4826-8210-8E8A1AF85EDF}.Debug|Any CPU.Build.0 = Debug|Any CPU
		{97CFA2B9-5ECF-4826-8210-8E8A1AF85EDF}.Release|Any CPU.ActiveCfg = Release|Any CPU
		{97CFA2B9-5ECF-4826-8210-8E8A1AF85EDF}.Release|Any CPU.Build.0 = Release|Any CPU
	EndGlobalSection
	GlobalSection(SolutionProperties) = preSolution
		HideSolutionNode = FALSE
	EndGlobalSection
EndGlobal
